// !$*UTF8*$!
{
	archiveVersion = 1;
	classes = {
	};
	objectVersion = 46;
	objects = {

/* Begin PBXBuildFile section */
		2744573D1BA515DD007B4BE3 /* ViewController.swift in Sources */ = {isa = PBXBuildFile; fileRef = 2744573C1BA515DD007B4BE3 /* ViewController.swift */; settings = {ASSET_TAGS = (); }; };
		277C1DE51B90C057005B75C3 /* Images.xcassets in Resources */ = {isa = PBXBuildFile; fileRef = 277C1DE41B90C057005B75C3 /* Images.xcassets */; settings = {ASSET_TAGS = (); }; };
		27E33E9D1B900D25009F110D /* AppDelegate.swift in Sources */ = {isa = PBXBuildFile; fileRef = 27E33E9C1B900D25009F110D /* AppDelegate.swift */; };
		27E33EA21B900D25009F110D /* Main.storyboard in Resources */ = {isa = PBXBuildFile; fileRef = 27E33EA01B900D25009F110D /* Main.storyboard */; };
		27E33EA71B900D25009F110D /* LaunchScreen.storyboard in Resources */ = {isa = PBXBuildFile; fileRef = 27E33EA51B900D25009F110D /* LaunchScreen.storyboard */; };
		27E33EB21B900D25009F110D /* ElevensTests.swift in Sources */ = {isa = PBXBuildFile; fileRef = 27E33EB11B900D25009F110D /* ElevensTests.swift */; };
		27E33EBD1B900D25009F110D /* ElevensUITests.swift in Sources */ = {isa = PBXBuildFile; fileRef = 27E33EBC1B900D25009F110D /* ElevensUITests.swift */; };
		27E33ECB1B90BBE4009F110D /* Card.swift in Sources */ = {isa = PBXBuildFile; fileRef = 27E33ECA1B90BBE4009F110D /* Card.swift */; settings = {ASSET_TAGS = (); }; };
		27E33ECD1B90BEAC009F110D /* ElevensBoard.swift in Sources */ = {isa = PBXBuildFile; fileRef = 27E33ECC1B90BEAC009F110D /* ElevensBoard.swift */; settings = {ASSET_TAGS = (); }; };
/* End PBXBuildFile section */

/* Begin PBXContainerItemProxy section */
		27E33EAE1B900D25009F110D /* PBXContainerItemProxy */ = {
			isa = PBXContainerItemProxy;
			containerPortal = 27E33E911B900D25009F110D /* Project object */;
			proxyType = 1;
			remoteGlobalIDString = 27E33E981B900D25009F110D;
			remoteInfo = Elevens;
		};
		27E33EB91B900D25009F110D /* PBXContainerItemProxy */ = {
			isa = PBXContainerItemProxy;
			containerPortal = 27E33E911B900D25009F110D /* Project object */;
			proxyType = 1;
			remoteGlobalIDString = 27E33E981B900D25009F110D;
			remoteInfo = Elevens;
		};
/* End PBXContainerItemProxy section */

/* Begin PBXFileReference section */
		2744573C1BA515DD007B4BE3 /* ViewController.swift */ = {isa = PBXFileReference; fileEncoding = 4; lastKnownFileType = sourcecode.swift; path = ViewController.swift; sourceTree = "<group>"; };
		274B02511BACD00A0066BD1A /* MyPlayground.playground */ = {isa = PBXFileReference; lastKnownFileType = file.playground; path = MyPlayground.playground; sourceTree = "<group>"; };
		277C1DE41B90C057005B75C3 /* Images.xcassets */ = {isa = PBXFileReference; lastKnownFileType = folder.assetcatalog; path = Images.xcassets; sourceTree = "<group>"; };
		27E33E991B900D25009F110D /* Elevens.app */ = {isa = PBXFileReference; explicitFileType = wrapper.application; includeInIndex = 0; path = Elevens.app; sourceTree = BUILT_PRODUCTS_DIR; };
		27E33E9C1B900D25009F110D /* AppDelegate.swift */ = {isa = PBXFileReference; lastKnownFileType = sourcecode.swift; path = AppDelegate.swift; sourceTree = "<group>"; };
		27E33EA11B900D25009F110D /* Base */ = {isa = PBXFileReference; lastKnownFileType = file.storyboard; name = Base; path = Base.lproj/Main.storyboard; sourceTree = "<group>"; };
		27E33EA61B900D25009F110D /* Base */ = {isa = PBXFileReference; lastKnownFileType = file.storyboard; name = Base; path = Base.lproj/LaunchScreen.storyboard; sourceTree = "<group>"; };
		27E33EAD1B900D25009F110D /* ElevensTests.xctest */ = {isa = PBXFileReference; explicitFileType = wrapper.cfbundle; includeInIndex = 0; path = ElevensTests.xctest; sourceTree = BUILT_PRODUCTS_DIR; };
		27E33EB11B900D25009F110D /* ElevensTests.swift */ = {isa = PBXFileReference; lastKnownFileType = sourcecode.swift; path = ElevensTests.swift; sourceTree = "<group>"; };
		27E33EB31B900D25009F110D /* Info.plist */ = {isa = PBXFileReference; lastKnownFileType = text.plist.xml; path = Info.plist; sourceTree = "<group>"; };
		27E33EB81B900D25009F110D /* ElevensUITests.xctest */ = {isa = PBXFileReference; explicitFileType = wrapper.cfbundle; includeInIndex = 0; path = ElevensUITests.xctest; sourceTree = BUILT_PRODUCTS_DIR; };
		27E33EBC1B900D25009F110D /* ElevensUITests.swift */ = {isa = PBXFileReference; lastKnownFileType = sourcecode.swift; path = ElevensUITests.swift; sourceTree = "<group>"; };
		27E33EBE1B900D25009F110D /* Info.plist */ = {isa = PBXFileReference; lastKnownFileType = text.plist.xml; path = Info.plist; sourceTree = "<group>"; };
		27E33ECA1B90BBE4009F110D /* Card.swift */ = {isa = PBXFileReference; fileEncoding = 4; lastKnownFileType = sourcecode.swift; path = Card.swift; sourceTree = "<group>"; };
		27E33ECC1B90BEAC009F110D /* ElevensBoard.swift */ = {isa = PBXFileReference; fileEncoding = 4; lastKnownFileType = sourcecode.swift; path = ElevensBoard.swift; sourceTree = "<group>"; };
/* End PBXFileReference section */

/* Begin PBXFrameworksBuildPhase section */
		27E33E961B900D25009F110D /* Frameworks */ = {
			isa = PBXFrameworksBuildPhase;
			buildActionMask = 2147483647;
			files = (
			);
			runOnlyForDeploymentPostprocessing = 0;
		};
		27E33EAA1B900D25009F110D /* Frameworks */ = {
			isa = PBXFrameworksBuildPhase;
			buildActionMask = 2147483647;
			files = (
			);
			runOnlyForDeploymentPostprocessing = 0;
		};
		27E33EB51B900D25009F110D /* Frameworks */ = {
			isa = PBXFrameworksBuildPhase;
			buildActionMask = 2147483647;
			files = (
			);
			runOnlyForDeploymentPostprocessing = 0;
		};
/* End PBXFrameworksBuildPhase section */

/* Begin PBXGroup section */
		27E33E901B900D25009F110D = {
			isa = PBXGroup;
			children = (
				27E33E9B1B900D25009F110D /* Elevens */,
				27E33EB01B900D25009F110D /* ElevensTests */,
				27E33EBB1B900D25009F110D /* ElevensUITests */,
				27E33E9A1B900D25009F110D /* Products */,
			);
			sourceTree = "<group>";
		};
		27E33E9A1B900D25009F110D /* Products */ = {
			isa = PBXGroup;
			children = (
				27E33E991B900D25009F110D /* Elevens.app */,
				27E33EAD1B900D25009F110D /* ElevensTests.xctest */,
				27E33EB81B900D25009F110D /* ElevensUITests.xctest */,
			);
			name = Products;
			sourceTree = "<group>";
		};
		27E33E9B1B900D25009F110D /* Elevens */ = {
			isa = PBXGroup;
			children = (
				27E33E9C1B900D25009F110D /* AppDelegate.swift */,
				27E33EA01B900D25009F110D /* Main.storyboard */,
				2744573C1BA515DD007B4BE3 /* ViewController.swift */,
				27E33EA51B900D25009F110D /* LaunchScreen.storyboard */,
				27E33ECA1B90BBE4009F110D /* Card.swift */,
				27E33ECC1B90BEAC009F110D /* ElevensBoard.swift */,
				277C1DE41B90C057005B75C3 /* Images.xcassets */,
				274B02511BACD00A0066BD1A /* MyPlayground.playground */,
			);
			path = Elevens;
			sourceTree = "<group>";
		};
		27E33EB01B900D25009F110D /* ElevensTests */ = {
			isa = PBXGroup;
			children = (
				27E33EB11B900D25009F110D /* ElevensTests.swift */,
				27E33EB31B900D25009F110D /* Info.plist */,
			);
			path = ElevensTests;
			sourceTree = "<group>";
		};
		27E33EBB1B900D25009F110D /* ElevensUITests */ = {
			isa = PBXGroup;
			children = (
				27E33EBC1B900D25009F110D /* ElevensUITests.swift */,
				27E33EBE1B900D25009F110D /* Info.plist */,
			);
			path = ElevensUITests;
			sourceTree = "<group>";
		};
/* End PBXGroup section */

/* Begin PBXNativeTarget section */
		27E33E981B900D25009F110D /* Elevens */ = {
			isa = PBXNativeTarget;
			buildConfigurationList = 27E33EC11B900D25009F110D /* Build configuration list for PBXNativeTarget "Elevens" */;
			buildPhases = (
				27E33E951B900D25009F110D /* Sources */,
				27E33E961B900D25009F110D /* Frameworks */,
				27E33E971B900D25009F110D /* Resources */,
			);
			buildRules = (
			);
			dependencies = (
			);
			name = Elevens;
			productName = Elevens;
			productReference = 27E33E991B900D25009F110D /* Elevens.app */;
			productType = "com.apple.product-type.application";
		};
		27E33EAC1B900D25009F110D /* ElevensTests */ = {
			isa = PBXNativeTarget;
			buildConfigurationList = 27E33EC41B900D25009F110D /* Build configuration list for PBXNativeTarget "ElevensTests" */;
			buildPhases = (
				27E33EA91B900D25009F110D /* Sources */,
				27E33EAA1B900D25009F110D /* Frameworks */,
				27E33EAB1B900D25009F110D /* Resources */,
			);
			buildRules = (
			);
			dependencies = (
				27E33EAF1B900D25009F110D /* PBXTargetDependency */,
			);
			name = ElevensTests;
			productName = ElevensTests;
			productReference = 27E33EAD1B900D25009F110D /* ElevensTests.xctest */;
			productType = "com.apple.product-type.bundle.unit-test";
		};
		27E33EB71B900D25009F110D /* ElevensUITests */ = {
			isa = PBXNativeTarget;
			buildConfigurationList = 27E33EC71B900D25009F110D /* Build configuration list for PBXNativeTarget "ElevensUITests" */;
			buildPhases = (
				27E33EB41B900D25009F110D /* Sources */,
				27E33EB51B900D25009F110D /* Frameworks */,
				27E33EB61B900D25009F110D /* Resources */,
			);
			buildRules = (
			);
			dependencies = (
				27E33EBA1B900D25009F110D /* PBXTargetDependency */,
			);
			name = ElevensUITests;
			productName = ElevensUITests;
			productReference = 27E33EB81B900D25009F110D /* ElevensUITests.xctest */;
			productType = "com.apple.product-type.bundle.ui-testing";
		};
/* End PBXNativeTarget section */

/* Begin PBXProject section */
		27E33E911B900D25009F110D /* Project object */ = {
			isa = PBXProject;
			attributes = {
				LastUpgradeCheck = 0700;
				ORGANIZATIONNAME = "Mike Chu";
				TargetAttributes = {
					27E33E981B900D25009F110D = {
						CreatedOnToolsVersion = 7.0;
						DevelopmentTeam = 4Z7ANJT7GM;
					};
					27E33EAC1B900D25009F110D = {
						CreatedOnToolsVersion = 7.0;
						TestTargetID = 27E33E981B900D25009F110D;
					};
					27E33EB71B900D25009F110D = {
						CreatedOnToolsVersion = 7.0;
						TestTargetID = 27E33E981B900D25009F110D;
					};
				};
			};
			buildConfigurationList = 27E33E941B900D25009F110D /* Build configuration list for PBXProject "Elevens" */;
			compatibilityVersion = "Xcode 3.2";
			developmentRegion = English;
			hasScannedForEncodings = 0;
			knownRegions = (
				en,
				Base,
			);
			mainGroup = 27E33E901B900D25009F110D;
			productRefGroup = 27E33E9A1B900D25009F110D /* Products */;
			projectDirPath = "";
			projectRoot = "";
			targets = (
				27E33E981B900D25009F110D /* Elevens */,
				27E33EAC1B900D25009F110D /* ElevensTests */,
				27E33EB71B900D25009F110D /* ElevensUITests */,
			);
		};
/* End PBXProject section */

/* Begin PBXResourcesBuildPhase section */
		27E33E971B900D25009F110D /* Resources */ = {
			isa = PBXResourcesBuildPhase;
			buildActionMask = 2147483647;
			files = (
				277C1DE51B90C057005B75C3 /* Images.xcassets in Resources */,
				27E33EA71B900D25009F110D /* LaunchScreen.storyboard in Resources */,
				27E33EA21B900D25009F110D /* Main.storyboard in Resources */,
			);
			runOnlyForDeploymentPostprocessing = 0;
		};
		27E33EAB1B900D25009F110D /* Resources */ = {
			isa = PBXResourcesBuildPhase;
			buildActionMask = 2147483647;
			files = (
			);
			runOnlyForDeploymentPostprocessing = 0;
		};
		27E33EB61B900D25009F110D /* Resources */ = {
			isa = PBXResourcesBuildPhase;
			buildActionMask = 2147483647;
			files = (
			);
			runOnlyForDeploymentPostprocessing = 0;
		};
/* End PBXResourcesBuildPhase section */

/* Begin PBXSourcesBuildPhase section */
		27E33E951B900D25009F110D /* Sources */ = {
			isa = PBXSourcesBuildPhase;
			buildActionMask = 2147483647;
			files = (
				27E33ECB1B90BBE4009F110D /* Card.swift in Sources */,
				27E33E9D1B900D25009F110D /* AppDelegate.swift in Sources */,
				2744573D1BA515DD007B4BE3 /* ViewController.swift in Sources */,
				27E33ECD1B90BEAC009F110D /* ElevensBoard.swift in Sources */,
			);
			runOnlyForDeploymentPostprocessing = 0;
		};
		27E33EA91B900D25009F110D /* Sources */ = {
			isa = PBXSourcesBuildPhase;
			buildActionMask = 2147483647;
			files = (
				27E33EB21B900D25009F110D /* ElevensTests.swift in Sources */,
			);
			runOnlyForDeploymentPostprocessing = 0;
		};
		27E33EB41B900D25009F110D /* Sources */ = {
			isa = PBXSourcesBuildPhase;
			buildActionMask = 2147483647;
			files = (
				27E33EBD1B900D25009F110D /* ElevensUITests.swift in Sources */,
			);
			runOnlyForDeploymentPostprocessing = 0;
		};
/* End PBXSourcesBuildPhase section */

/* Begin PBXTargetDependency section */
		27E33EAF1B900D25009F110D /* PBXTargetDependency */ = {
			isa = PBXTargetDependency;
			target = 27E33E981B900D25009F110D /* Elevens */;
			targetProxy = 27E33EAE1B900D25009F110D /* PBXContainerItemProxy */;
		};
		27E33EBA1B900D25009F110D /* PBXTargetDependency */ = {
			isa = PBXTargetDependency;
			target = 27E33E981B900D25009F110D /* Elevens */;
			targetProxy = 27E33EB91B900D25009F110D /* PBXContainerItemProxy */;
		};
/* End PBXTargetDependency section */

/* Begin PBXVariantGroup section */
		27E33EA01B900D25009F110D /* Main.storyboard */ = {
			isa = PBXVariantGroup;
			children = (
				27E33EA11B900D25009F110D /* Base */,
			);
			name = Main.storyboard;
			sourceTree = "<group>";
		};
		27E33EA51B900D25009F110D /* LaunchScreen.storyboard */ = {
			isa = PBXVariantGroup;
			children = (
				27E33EA61B900D25009F110D /* Base */,
			);
			name = LaunchScreen.storyboard;
			sourceTree = "<group>";
		};
/* End PBXVariantGroup section */

/* Begin XCBuildConfiguration section */
		27E33EBF1B900D25009F110D /* Debug */ = {
			isa = XCBuildConfiguration;
			buildSettings = {
				ALWAYS_SEARCH_USER_PATHS = NO;
				CLANG_CXX_LANGUAGE_STANDARD = "gnu++0x";
				CLANG_CXX_LIBRARY = "libc++";
				CLANG_ENABLE_MODULES = YES;
				CLANG_ENABLE_OBJC_ARC = YES;
				CLANG_WARN_BOOL_CONVERSION = YES;
				CLANG_WARN_CONSTANT_CONVERSION = YES;
				CLANG_WARN_DIRECT_OBJC_ISA_USAGE = YES_ERROR;
				CLANG_WARN_EMPTY_BODY = YES;
				CLANG_WARN_ENUM_CONVERSION = YES;
				CLANG_WARN_INT_CONVERSION = YES;
				CLANG_WARN_OBJC_ROOT_CLASS = YES_ERROR;
				CLANG_WARN_UNREACHABLE_CODE = YES;
				CLANG_WARN__DUPLICATE_METHOD_MATCH = YES;
				"CODE_SIGN_IDENTITY[sdk=iphoneos*]" = "iPhone Developer";
				COPY_PHASE_STRIP = NO;
				DEBUG_INFORMATION_FORMAT = dwarf;
				ENABLE_STRICT_OBJC_MSGSEND = YES;
				ENABLE_TESTABILITY = YES;
				GCC_C_LANGUAGE_STANDARD = gnu99;
				GCC_DYNAMIC_NO_PIC = NO;
				GCC_NO_COMMON_BLOCKS = YES;
				GCC_OPTIMIZATION_LEVEL = 0;
				GCC_PREPROCESSOR_DEFINITIONS = (
					"DEBUG=1",
					"$(inherited)",
				);
				GCC_WARN_64_TO_32_BIT_CONVERSION = YES;
				GCC_WARN_ABOUT_RETURN_TYPE = YES_ERROR;
				GCC_WARN_UNDECLARED_SELECTOR = YES;
				GCC_WARN_UNINITIALIZED_AUTOS = YES_AGGRESSIVE;
				GCC_WARN_UNUSED_FUNCTION = YES;
				GCC_WARN_UNUSED_VARIABLE = YES;
				IPHONEOS_DEPLOYMENT_TARGET = 9.0;
				MTL_ENABLE_DEBUG_INFO = YES;
				ONLY_ACTIVE_ARCH = YES;
				SDKROOT = iphoneos;
				SWIFT_OPTIMIZATION_LEVEL = "-Onone";
				TARGETED_DEVICE_FAMILY = "1,2";
			};
			name = Debug;
		};
		27E33EC01B900D25009F110D /* Release */ = {
			isa = XCBuildConfiguration;
			buildSettings = {
				ALWAYS_SEARCH_USER_PATHS = NO;
				CLANG_CXX_LANGUAGE_STANDARD = "gnu++0x";
				CLANG_CXX_LIBRARY = "libc++";
				CLANG_ENABLE_MODULES = YES;
				CLANG_ENABLE_OBJC_ARC = YES;
				CLANG_WARN_BOOL_CONVERSION = YES;
				CLANG_WARN_CONSTANT_CONVERSION = YES;
				CLANG_WARN_DIRECT_OBJC_ISA_USAGE = YES_ERROR;
				CLANG_WARN_EMPTY_BODY = YES;
				CLANG_WARN_ENUM_CONVERSION = YES;
				CLANG_WARN_INT_CONVERSION = YES;
				CLANG_WARN_OBJC_ROOT_CLASS = YES_ERROR;
				CLANG_WARN_UNREACHABLE_CODE = YES;
				CLANG_WARN__DUPLICATE_METHOD_MATCH = YES;
				"CODE_SIGN_IDENTITY[sdk=iphoneos*]" = "iPhone Developer";
				COPY_PHASE_STRIP = NO;
				DEBUG_INFORMATION_FORMAT = "dwarf-with-dsym";
				ENABLE_NS_ASSERTIONS = NO;
				ENABLE_STRICT_OBJC_MSGSEND = YES;
				GCC_C_LANGUAGE_STANDARD = gnu99;
				GCC_NO_COMMON_BLOCKS = YES;
				GCC_WARN_64_TO_32_BIT_CONVERSION = YES;
				GCC_WARN_ABOUT_RETURN_TYPE = YES_ERROR;
				GCC_WARN_UNDECLARED_SELECTOR = YES;
				GCC_WARN_UNINITIALIZED_AUTOS = YES_AGGRESSIVE;
				GCC_WARN_UNUSED_FUNCTION = YES;
				GCC_WARN_UNUSED_VARIABLE = YES;
				IPHONEOS_DEPLOYMENT_TARGET = 9.0;
				MTL_ENABLE_DEBUG_INFO = NO;
				SDKROOT = iphoneos;
				TARGETED_DEVICE_FAMILY = "1,2";
				VALIDATE_PRODUCT = YES;
			};
			name = Release;
		};
		27E33EC21B900D25009F110D /* Debug */ = {
			isa = XCBuildConfiguration;
			buildSettings = {
				ASSETCATALOG_COMPILER_APPICON_NAME = AppIcon;
				ASSETCATALOG_COMPILER_LAUNCHIMAGE_NAME = BrandAsset;
				CODE_SIGN_IDENTITY = "iPhone Developer";
				"CODE_SIGN_IDENTITY[sdk=iphoneos*]" = "iPhone Developer";
				INFOPLIST_FILE = Elevens/Info.plist;
				IPHONEOS_DEPLOYMENT_TARGET = 8.4;
				LD_RUNPATH_SEARCH_PATHS = "$(inherited) @executable_path/Frameworks";
				PRODUCT_BUNDLE_IDENTIFIER = Mike.Elevens;
				PRODUCT_NAME = "$(TARGET_NAME)";
				PROVISIONING_PROFILE = "";
				TARGETED_DEVICE_FAMILY = 2;
			};
			name = Debug;
		};
		27E33EC31B900D25009F110D /* Release */ = {
			isa = XCBuildConfiguration;
			buildSettings = {
				ASSETCATALOG_COMPILER_APPICON_NAME = AppIcon;
				ASSETCATALOG_COMPILER_LAUNCHIMAGE_NAME = BrandAsset;
				CODE_SIGN_IDENTITY = "iPhone Developer";
				"CODE_SIGN_IDENTITY[sdk=iphoneos*]" = "iPhone Developer";
				INFOPLIST_FILE = Elevens/Info.plist;
				IPHONEOS_DEPLOYMENT_TARGET = 8.4;
				LD_RUNPATH_SEARCH_PATHS = "$(inherited) @executable_path/Frameworks";
				PRODUCT_BUNDLE_IDENTIFIER = Mike.Elevens;
				PRODUCT_NAME = "$(TARGET_NAME)";
				PROVISIONING_PROFILE = "";
				TARGETED_DEVICE_FAMILY = 2;
			};
			name = Release;
		};
		27E33EC51B900D25009F110D /* Debug */ = {
			isa = XCBuildConfiguration;
			buildSettings = {
				BUNDLE_LOADER = "$(TEST_HOST)";
				INFOPLIST_FILE = ElevensTests/Info.plist;
				LD_RUNPATH_SEARCH_PATHS = "$(inherited) @executable_path/Frameworks @loader_path/Frameworks";
				PRODUCT_BUNDLE_IDENTIFIER = Mike.ElevensTests;
				PRODUCT_NAME = "$(TARGET_NAME)";
				TEST_HOST = "$(BUILT_PRODUCTS_DIR)/Elevens.app/Elevens";
			};
			name = Debug;
		};
		27E33EC61B900D25009F110D /* Release */ = {
			isa = XCBuildConfiguration;
			buildSettings = {
				BUNDLE_LOADER = "$(TEST_HOST)";
				INFOPLIST_FILE = ElevensTests/Info.plist;
				LD_RUNPATH_SEARCH_PATHS = "$(inherited) @executable_path/Frameworks @loader_path/Frameworks";
				PRODUCT_BUNDLE_IDENTIFIER = Mike.ElevensTests;
				PRODUCT_NAME = "$(TARGET_NAME)";
				TEST_HOST = "$(BUILT_PRODUCTS_DIR)/Elevens.app/Elevens";
			};
			name = Release;
		};
		27E33EC81B900D25009F110D /* Debug */ = {
			isa = XCBuildConfiguration;
			buildSettings = {
				INFOPLIST_FILE = ElevensUITests/Info.plist;
				LD_RUNPATH_SEARCH_PATHS = "$(inherited) @executable_path/Frameworks @loader_path/Frameworks";
				PRODUCT_BUNDLE_IDENTIFIER = Mike.ElevensUITests;
				PRODUCT_NAME = "$(TARGET_NAME)";
				TEST_TARGET_NAME = Elevens;
				USES_XCTRUNNER = YES;
			};
			name = Debug;
		};
		27E33EC91B900D25009F110D /* Release */ = {
			isa = XCBuildConfiguration;
			buildSettings = {
				INFOPLIST_FILE = ElevensUITests/Info.plist;
				LD_RUNPATH_SEARCH_PATHS = "$(inherited) @executable_path/Frameworks @loader_path/Frameworks";
				PRODUCT_BUNDLE_IDENTIFIER = Mike.ElevensUITests;
				PRODUCT_NAME = "$(TARGET_NAME)";
				TEST_TARGET_NAME = Elevens;
				USES_XCTRUNNER = YES;
			};
			name = Release;
		};
/* End XCBuildConfiguration section */

/* Begin XCConfigurationList section */
		27E33E941B900D25009F110D /* Build configuration list for PBXProject "Elevens" */ = {
			isa = XCConfigurationList;
			buildConfigurations = (
				27E33EBF1B900D25009F110D /* Debug */,
				27E33EC01B900D25009F110D /* Release */,
			);
			defaultConfigurationIsVisible = 0;
			defaultConfigurationName = Release;
		};
		27E33EC11B900D25009F110D /* Build configuration list for PBXNativeTarget "Elevens" */ = {
			isa = XCConfigurationList;
			buildConfigurations = (
				27E33EC21B900D25009F110D /* Debug */,
				27E33EC31B900D25009F110D /* Release */,
			);
			defaultConfigurationIsVisible = 0;
			defaultConfigurationName = Release;
		};
		27E33EC41B900D25009F110D /* Build configuration list for PBXNativeTarget "ElevensTests" */ = {
			isa = XCConfigurationList;
			buildConfigurations = (
				27E33EC51B900D25009F110D /* Debug */,
				27E33EC61B900D25009F110D /* Release */,
			);
			defaultConfigurationIsVisible = 0;
			defaultConfigurationName = Release;
		};
		27E33EC71B900D25009F110D /* Build configuration list for PBXNativeTarget "ElevensUITests" */ = {
			isa = XCConfigurationList;
			buildConfigurations = (
				27E33EC81B900D25009F110D /* Debug */,
				27E33EC91B900D25009F110D /* Release */,
			);
			defaultConfigurationIsVisible = 0;
			defaultConfigurationName = Release;
		};
/* End XCConfigurationList section */
	};
	rootObject = 27E33E911B900D25009F110D /* Project object */;
}
